
Microsoft Visual Studio Solution File, Format Version 12.00
# Visual Studio Version 16
VisualStudioVersion = 16.0.29613.14
MinimumVisualStudioVersion = 10.0.40219.1
Project("{FAE04EC0-301F-11D3-BF4B-00C04F79EFBC}") = "GameofTwoStacks", "GameofTwoStacks.csproj", "{16A22798-F5CF-48BF-8167-DF452B8C2430}"
EndProject
Global
	GlobalSection(SolutionConfigurationPlatforms) = preSolution
		Debug|Any CPU = Debug|Any CPU
		Release|Any CPU = Release|Any CPU
	EndGlobalSection
	GlobalSection(ProjectConfigurationPlatforms) = postSolution
		{16A22798-F5CF-48BF-8167-DF452B8C2430}.Debug|Any CPU.ActiveCfg = Debug|Any CPU
		{16A22798-F5CF-48BF-8167-DF452B8C2430}.Debug|Any CPU.Build.0 = Debug|Any CPU
		{16A22798-F5CF-48BF-8167-DF452B8C2430}.Release|Any CPU.ActiveCfg = Release|Any CPU
		{16A22798-F5CF-48BF-8167-DF452B8C2430}.Release|Any CPU.Build.0 = Release|Any CPU
	EndGlobalSection
	GlobalSection(SolutionProperties) = preSolution
		HideSolutionNode = FALSE
	EndGlobalSection
	GlobalSection(ExtensibilityGlobals) = postSolution
		SolutionGuid = {B8757EF2-C474-4C3F-9FAF-9226D15583F7}
	EndGlobalSection
EndGlobal
